
Microsoft Visual Studio Solution File, Format Version 12.00
# Visual Studio Version 17
VisualStudioVersion = 17.12.35527.113
MinimumVisualStudioVersion = 10.0.40219.1
Project("{FAE04EC0-301F-11D3-BF4B-00C04F79EFBC}") = "BlobTriggerFunctionApp", "BlobTriggerFunctionApp\BlobTriggerFunctionApp.csproj", "{D25B9C32-4044-46E9-A571-51809A04A539}"
EndProject
Project("{FAE04EC0-301F-11D3-BF4B-00C04F79EFBC}") = "CosmosDBTriggerFunctionApp", "CosmosDBTriggerFunctionApp\CosmosDBTriggerFunctionApp.csproj", "{B15AB056-1B60-4235-80A2-11CD31034C5C}"
EndProject
Project("{FAE04EC0-301F-11D3-BF4B-00C04F79EFBC}") = "DurableFunctionsEntityFunctionApp", "DurableFunctionsEntityFunctionApp\DurableFunctionsEntityFunctionApp.csproj", "{41529071-6D87-48AE-AD61-25A60855C424}"
EndProject
Project("{FAE04EC0-301F-11D3-BF4B-00C04F79EFBC}") = "DurableOrchestrationTriggerFunctionApp", "DurableOrchestrationTriggerFunctionApp\DurableOrchestrationTriggerFunctionApp.csproj", "{22C8B606-5C78-4321-ACD4-7F24F1D44883}"
EndProject
Project("{FAE04EC0-301F-11D3-BF4B-00C04F79EFBC}") = "EdgeHubTriggerFunctionApp", "EdgeHubTriggerFunctionApp\EdgeHubTriggerFunctionApp.csproj", "{AD7FED3D-EC60-4C26-B584-7E702BE5838E}"
EndProject
Project("{FAE04EC0-301F-11D3-BF4B-00C04F79EFBC}") = "EmptyFunctionApp", "EmptyFunctionApp\EmptyFunctionApp.csproj", "{FC2BBFEF-7C2B-46DB-9293-C2F54E984718}"
EndProject
Project("{FAE04EC0-301F-11D3-BF4B-00C04F79EFBC}") = "EventGridTriggerFunctionApp", "EventGridTriggerFunctionApp\EventGridTriggerFunctionApp.csproj", "{F18BCF5C-1A29-4DAC-A168-086730427C85}"
EndProject
Project("{FAE04EC0-301F-11D3-BF4B-00C04F79EFBC}") = "EventHubTriggerFunctionApp", "EventHubTriggerFunctionApp\EventHubTriggerFunctionApp.csproj", "{B94974CC-B569-4C0D-9DE5-066CE6EA22BB}"
EndProject
Project("{FAE04EC0-301F-11D3-BF4B-00C04F79EFBC}") = "IoTHubTriggerFunctionApp", "IoTHubTriggerFunctionApp\IoTHubTriggerFunctionApp.csproj", "{406FC9F7-37B0-4822-9529-F22C340AD538}"
EndProject
Project("{FAE04EC0-301F-11D3-BF4B-00C04F79EFBC}") = "QueueTriggerFunctionApp", "QueueTriggerFunctionApp\QueueTriggerFunctionApp.csproj", "{E9EE7A27-DAFA-4919-8030-B995415DDB11}"
EndProject
Project("{FAE04EC0-301F-11D3-BF4B-00C04F79EFBC}") = "RabbitMQTriggerFunctionApp", "RabbitMQTriggerFunctionApp\RabbitMQTriggerFunctionApp.csproj", "{3890EF4D-3B24-462D-B8C7-075483AE6851}"
EndProject
Project("{FAE04EC0-301F-11D3-BF4B-00C04F79EFBC}") = "SendGridFunctionApp", "SendGridFunctionApp\SendGridFunctionApp.csproj", "{10894E2E-FB40-4E9D-A66C-AB5E6E6275E8}"
EndProject
Project("{FAE04EC0-301F-11D3-BF4B-00C04F79EFBC}") = "ServiceBusQueueTriggerFunctionApp", "ServiceBusQueueTriggerFunctionApp\ServiceBusQueueTriggerFunctionApp.csproj", "{89845B09-8030-4185-BC0C-AFB62C8314AF}"
EndProject
Project("{FAE04EC0-301F-11D3-BF4B-00C04F79EFBC}") = "ServiceBusTopicTriggerFunctionApp", "ServiceBusTopicTriggerFunctionApp\ServiceBusTopicTriggerFunctionApp.csproj", "{07C173E9-58C6-457B-8745-EED1F9F41B64}"
EndProject
Project("{FAE04EC0-301F-11D3-BF4B-00C04F79EFBC}") = "SignalRFunctionApp", "SignalRFunctionApp\SignalRFunctionApp.csproj", "{A0FE4419-8FFC-4DFC-A32E-B9CC35E43B35}"
EndProject
Project("{FAE04EC0-301F-11D3-BF4B-00C04F79EFBC}") = "TimerTriggerFunctionApp", "TimerTriggerFunctionApp\TimerTriggerFunctionApp.csproj", "{90A54E62-D992-4AB0-9C16-7A1329013858}"
EndProject
Project("{FAE04EC0-301F-11D3-BF4B-00C04F79EFBC}") = "HTTPTriggerFunctionApp", "HTTPTriggerFunctionApp\HTTPTriggerFunctionApp.csproj", "{5A1CC058-A1D5-4E10-B95E-3449BB711416}"
EndProject
Project("{FAE04EC0-301F-11D3-BF4B-00C04F79EFBC}") = "Common", "Common\Common.csproj", "{5FF565E3-B23B-45DD-B374-BA7756A97944}"
EndProject
Project("{2150E333-8FDC-42A3-9474-1A3956D46DE8}") = "Functions", "Functions", "{C3305C97-251A-4D2A-AF4F-3DFECDFA1978}"
EndProject
Project("{2150E333-8FDC-42A3-9474-1A3956D46DE8}") = "Solution Items", "Solution Items", "{CFE8E249-703C-479A-8C38-C3DCD12FD2D3}"
	ProjectSection(SolutionItems) = preProject
		Readme.txt = Readme.txt
	EndProjectSection
EndProject
Global
	GlobalSection(SolutionConfigurationPlatforms) = preSolution
		Debug|Any CPU = Debug|Any CPU
		Release|Any CPU = Release|Any CPU
	EndGlobalSection
	GlobalSection(ProjectConfigurationPlatforms) = postSolution
		{D25B9C32-4044-46E9-A571-51809A04A539}.Debug|Any CPU.ActiveCfg = Debug|Any CPU
		{D25B9C32-4044-46E9-A571-51809A04A539}.Debug|Any CPU.Build.0 = Debug|Any CPU
		{D25B9C32-4044-46E9-A571-51809A04A539}.Release|Any CPU.ActiveCfg = Release|Any CPU
		{D25B9C32-4044-46E9-A571-51809A04A539}.Release|Any CPU.Build.0 = Release|Any CPU
		{B15AB056-1B60-4235-80A2-11CD31034C5C}.Debug|Any CPU.ActiveCfg = Debug|Any CPU
		{B15AB056-1B60-4235-80A2-11CD31034C5C}.Debug|Any CPU.Build.0 = Debug|Any CPU
		{B15AB056-1B60-4235-80A2-11CD31034C5C}.Release|Any CPU.ActiveCfg = Release|Any CPU
		{B15AB056-1B60-4235-80A2-11CD31034C5C}.Release|Any CPU.Build.0 = Release|Any CPU
		{41529071-6D87-48AE-AD61-25A60855C424}.Debug|Any CPU.ActiveCfg = Debug|Any CPU
		{41529071-6D87-48AE-AD61-25A60855C424}.Debug|Any CPU.Build.0 = Debug|Any CPU
		{41529071-6D87-48AE-AD61-25A60855C424}.Release|Any CPU.ActiveCfg = Release|Any CPU
		{41529071-6D87-48AE-AD61-25A60855C424}.Release|Any CPU.Build.0 = Release|Any CPU
		{22C8B606-5C78-4321-ACD4-7F24F1D44883}.Debug|Any CPU.ActiveCfg = Debug|Any CPU
		{22C8B606-5C78-4321-ACD4-7F24F1D44883}.Debug|Any CPU.Build.0 = Debug|Any CPU
		{22C8B606-5C78-4321-ACD4-7F24F1D44883}.Release|Any CPU.ActiveCfg = Release|Any CPU
		{22C8B606-5C78-4321-ACD4-7F24F1D44883}.Release|Any CPU.Build.0 = Release|Any CPU
		{AD7FED3D-EC60-4C26-B584-7E702BE5838E}.Debug|Any CPU.ActiveCfg = Debug|Any CPU
		{AD7FED3D-EC60-4C26-B584-7E702BE5838E}.Debug|Any CPU.Build.0 = Debug|Any CPU
		{AD7FED3D-EC60-4C26-B584-7E702BE5838E}.Release|Any CPU.ActiveCfg = Release|Any CPU
		{AD7FED3D-EC60-4C26-B584-7E702BE5838E}.Release|Any CPU.Build.0 = Release|Any CPU
		{FC2BBFEF-7C2B-46DB-9293-C2F54E984718}.Debug|Any CPU.ActiveCfg = Debug|Any CPU
		{FC2BBFEF-7C2B-46DB-9293-C2F54E984718}.Debug|Any CPU.Build.0 = Debug|Any CPU
		{FC2BBFEF-7C2B-46DB-9293-C2F54E984718}.Release|Any CPU.ActiveCfg = Release|Any CPU
		{FC2BBFEF-7C2B-46DB-9293-C2F54E984718}.Release|Any CPU.Build.0 = Release|Any CPU
		{F18BCF5C-1A29-4DAC-A168-086730427C85}.Debug|Any CPU.ActiveCfg = Debug|Any CPU
		{F18BCF5C-1A29-4DAC-A168-086730427C85}.Debug|Any CPU.Build.0 = Debug|Any CPU
		{F18BCF5C-1A29-4DAC-A168-086730427C85}.Release|Any CPU.ActiveCfg = Release|Any CPU
		{F18BCF5C-1A29-4DAC-A168-086730427C85}.Release|Any CPU.Build.0 = Release|Any CPU
		{B94974CC-B569-4C0D-9DE5-066CE6EA22BB}.Debug|Any CPU.ActiveCfg = Debug|Any CPU
		{B94974CC-B569-4C0D-9DE5-066CE6EA22BB}.Debug|Any CPU.Build.0 = Debug|Any CPU
		{B94974CC-B569-4C0D-9DE5-066CE6EA22BB}.Release|Any CPU.ActiveCfg = Release|Any CPU
		{B94974CC-B569-4C0D-9DE5-066CE6EA22BB}.Release|Any CPU.Build.0 = Release|Any CPU
		{406FC9F7-37B0-4822-9529-F22C340AD538}.Debug|Any CPU.ActiveCfg = Debug|Any CPU
		{406FC9F7-37B0-4822-9529-F22C340AD538}.Debug|Any CPU.Build.0 = Debug|Any CPU
		{406FC9F7-37B0-4822-9529-F22C340AD538}.Release|Any CPU.ActiveCfg = Release|Any CPU
		{406FC9F7-37B0-4822-9529-F22C340AD538}.Release|Any CPU.Build.0 = Release|Any CPU
		{E9EE7A27-DAFA-4919-8030-B995415DDB11}.Debug|Any CPU.ActiveCfg = Debug|Any CPU
		{E9EE7A27-DAFA-4919-8030-B995415DDB11}.Debug|Any CPU.Build.0 = Debug|Any CPU
		{E9EE7A27-DAFA-4919-8030-B995415DDB11}.Release|Any CPU.ActiveCfg = Release|Any CPU
		{E9EE7A27-DAFA-4919-8030-B995415DDB11}.Release|Any CPU.Build.0 = Release|Any CPU
		{3890EF4D-3B24-462D-B8C7-075483AE6851}.Debug|Any CPU.ActiveCfg = Debug|Any CPU
		{3890EF4D-3B24-462D-B8C7-075483AE6851}.Debug|Any CPU.Build.0 = Debug|Any CPU
		{3890EF4D-3B24-462D-B8C7-075483AE6851}.Release|Any CPU.ActiveCfg = Release|Any CPU
		{3890EF4D-3B24-462D-B8C7-075483AE6851}.Release|Any CPU.Build.0 = Release|Any CPU
		{10894E2E-FB40-4E9D-A66C-AB5E6E6275E8}.Debug|Any CPU.ActiveCfg = Debug|Any CPU
		{10894E2E-FB40-4E9D-A66C-AB5E6E6275E8}.Debug|Any CPU.Build.0 = Debug|Any CPU
		{10894E2E-FB40-4E9D-A66C-AB5E6E6275E8}.Release|Any CPU.ActiveCfg = Release|Any CPU
		{10894E2E-FB40-4E9D-A66C-AB5E6E6275E8}.Release|Any CPU.Build.0 = Release|Any CPU
		{89845B09-8030-4185-BC0C-AFB62C8314AF}.Debug|Any CPU.ActiveCfg = Debug|Any CPU
		{89845B09-8030-4185-BC0C-AFB62C8314AF}.Debug|Any CPU.Build.0 = Debug|Any CPU
		{89845B09-8030-4185-BC0C-AFB62C8314AF}.Release|Any CPU.ActiveCfg = Release|Any CPU
		{89845B09-8030-4185-BC0C-AFB62C8314AF}.Release|Any CPU.Build.0 = Release|Any CPU
		{07C173E9-58C6-457B-8745-EED1F9F41B64}.Debug|Any CPU.ActiveCfg = Debug|Any CPU
		{07C173E9-58C6-457B-8745-EED1F9F41B64}.Debug|Any CPU.Build.0 = Debug|Any CPU
		{07C173E9-58C6-457B-8745-EED1F9F41B64}.Release|Any CPU.ActiveCfg = Release|Any CPU
		{07C173E9-58C6-457B-8745-EED1F9F41B64}.Release|Any CPU.Build.0 = Release|Any CPU
		{A0FE4419-8FFC-4DFC-A32E-B9CC35E43B35}.Debug|Any CPU.ActiveCfg = Debug|Any CPU
		{A0FE4419-8FFC-4DFC-A32E-B9CC35E43B35}.Debug|Any CPU.Build.0 = Debug|Any CPU
		{A0FE4419-8FFC-4DFC-A32E-B9CC35E43B35}.Release|Any CPU.ActiveCfg = Release|Any CPU
		{A0FE4419-8FFC-4DFC-A32E-B9CC35E43B35}.Release|Any CPU.Build.0 = Release|Any CPU
		{90A54E62-D992-4AB0-9C16-7A1329013858}.Debug|Any CPU.ActiveCfg = Debug|Any CPU
		{90A54E62-D992-4AB0-9C16-7A1329013858}.Debug|Any CPU.Build.0 = Debug|Any CPU
		{90A54E62-D992-4AB0-9C16-7A1329013858}.Release|Any CPU.ActiveCfg = Release|Any CPU
		{90A54E62-D992-4AB0-9C16-7A1329013858}.Release|Any CPU.Build.0 = Release|Any CPU
		{5A1CC058-A1D5-4E10-B95E-3449BB711416}.Debug|Any CPU.ActiveCfg = Debug|Any CPU
		{5A1CC058-A1D5-4E10-B95E-3449BB711416}.Debug|Any CPU.Build.0 = Debug|Any CPU
		{5A1CC058-A1D5-4E10-B95E-3449BB711416}.Release|Any CPU.ActiveCfg = Release|Any CPU
		{5A1CC058-A1D5-4E10-B95E-3449BB711416}.Release|Any CPU.Build.0 = Release|Any CPU
		{5FF565E3-B23B-45DD-B374-BA7756A97944}.Debug|Any CPU.ActiveCfg = Debug|Any CPU
		{5FF565E3-B23B-45DD-B374-BA7756A97944}.Debug|Any CPU.Build.0 = Debug|Any CPU
		{5FF565E3-B23B-45DD-B374-BA7756A97944}.Release|Any CPU.ActiveCfg = Release|Any CPU
		{5FF565E3-B23B-45DD-B374-BA7756A97944}.Release|Any CPU.Build.0 = Release|Any CPU
	EndGlobalSection
	GlobalSection(SolutionProperties) = preSolution
		HideSolutionNode = FALSE
	EndGlobalSection
	GlobalSection(NestedProjects) = preSolution
		{D25B9C32-4044-46E9-A571-51809A04A539} = {C3305C97-251A-4D2A-AF4F-3DFECDFA1978}
		{B15AB056-1B60-4235-80A2-11CD31034C5C} = {C3305C97-251A-4D2A-AF4F-3DFECDFA1978}
		{41529071-6D87-48AE-AD61-25A60855C424} = {C3305C97-251A-4D2A-AF4F-3DFECDFA1978}
		{22C8B606-5C78-4321-ACD4-7F24F1D44883} = {C3305C97-251A-4D2A-AF4F-3DFECDFA1978}
		{AD7FED3D-EC60-4C26-B584-7E702BE5838E} = {C3305C97-251A-4D2A-AF4F-3DFECDFA1978}
		{FC2BBFEF-7C2B-46DB-9293-C2F54E984718} = {C3305C97-251A-4D2A-AF4F-3DFECDFA1978}
		{F18BCF5C-1A29-4DAC-A168-086730427C85} = {C3305C97-251A-4D2A-AF4F-3DFECDFA1978}
		{B94974CC-B569-4C0D-9DE5-066CE6EA22BB} = {C3305C97-251A-4D2A-AF4F-3DFECDFA1978}
		{406FC9F7-37B0-4822-9529-F22C340AD538} = {C3305C97-251A-4D2A-AF4F-3DFECDFA1978}
		{E9EE7A27-DAFA-4919-8030-B995415DDB11} = {C3305C97-251A-4D2A-AF4F-3DFECDFA1978}
		{3890EF4D-3B24-462D-B8C7-075483AE6851} = {C3305C97-251A-4D2A-AF4F-3DFECDFA1978}
		{10894E2E-FB40-4E9D-A66C-AB5E6E6275E8} = {C3305C97-251A-4D2A-AF4F-3DFECDFA1978}
		{89845B09-8030-4185-BC0C-AFB62C8314AF} = {C3305C97-251A-4D2A-AF4F-3DFECDFA1978}
		{07C173E9-58C6-457B-8745-EED1F9F41B64} = {C3305C97-251A-4D2A-AF4F-3DFECDFA1978}
		{A0FE4419-8FFC-4DFC-A32E-B9CC35E43B35} = {C3305C97-251A-4D2A-AF4F-3DFECDFA1978}
		{90A54E62-D992-4AB0-9C16-7A1329013858} = {C3305C97-251A-4D2A-AF4F-3DFECDFA1978}
		{5A1CC058-A1D5-4E10-B95E-3449BB711416} = {C3305C97-251A-4D2A-AF4F-3DFECDFA1978}
	EndGlobalSection
EndGlobal
